
Microsoft Visual Studio Solution File, Format Version 12.00
# Visual Studio 2012
Project("{FAE04EC0-301F-11D3-BF4B-00C04F79EFBC}") = "XmlToDynamic", "XmlToDynamic\XmlToDynamic.csproj", "{9167D634-160D-47CB-902F-FF436865710F}"
EndProject
Project("{FAE04EC0-301F-11D3-BF4B-00C04F79EFBC}") = "XmlToDynamic.Tests", "XmlToDynamic.Tests\XmlToDynamic.Tests.csproj", "{2510A732-7614-4641-B641-A877A6FFA81C}"
EndProject
Global
	GlobalSection(SolutionConfigurationPlatforms) = preSolution
		Debug|Any CPU = Debug|Any CPU
		Release|Any CPU = Release|Any CPU
	EndGlobalSection
	GlobalSection(ProjectConfigurationPlatforms) = postSolution
		{9167D634-160D-47CB-902F-FF436865710F}.Debug|Any CPU.ActiveCfg = Debug|Any CPU
		{9167D634-160D-47CB-902F-FF436865710F}.Debug|Any CPU.Build.0 = Debug|Any CPU
		{9167D634-160D-47CB-902F-FF436865710F}.Release|Any CPU.ActiveCfg = Release|Any CPU
		{9167D634-160D-47CB-902F-FF436865710F}.Release|Any CPU.Build.0 = Release|Any CPU
		{2510A732-7614-4641-B641-A877A6FFA81C}.Debug|Any CPU.ActiveCfg = Debug|Any CPU
		{2510A732-7614-4641-B641-A877A6FFA81C}.Debug|Any CPU.Build.0 = Debug|Any CPU
		{2510A732-7614-4641-B641-A877A6FFA81C}.Release|Any CPU.ActiveCfg = Release|Any CPU
		{2510A732-7614-4641-B641-A877A6FFA81C}.Release|Any CPU.Build.0 = Release|Any CPU
	EndGlobalSection
	GlobalSection(SolutionProperties) = preSolution
		HideSolutionNode = FALSE
	EndGlobalSection
EndGlobal
